// !$*UTF8*$!
{
	archiveVersion = 1;
	classes = {
	};
	objectVersion = 55;
	objects = {

/* Begin PBXBuildFile section */
		EEDD0919282FCE5700C38D57 /* AppDelegate.swift in Sources */ = {isa = PBXBuildFile; fileRef = EEDD0918282FCE5700C38D57 /* AppDelegate.swift */; };
		EEDD091B282FCE5700C38D57 /* SceneDelegate.swift in Sources */ = {isa = PBXBuildFile; fileRef = EEDD091A282FCE5700C38D57 /* SceneDelegate.swift */; };
		EEDD0922282FCE5800C38D57 /* Assets.xcassets in Resources */ = {isa = PBXBuildFile; fileRef = EEDD0921282FCE5800C38D57 /* Assets.xcassets */; };
		EEDD0925282FCE5800C38D57 /* LaunchScreen.storyboard in Resources */ = {isa = PBXBuildFile; fileRef = EEDD0923282FCE5800C38D57 /* LaunchScreen.storyboard */; };
		EEDD092E282FCECD00C38D57 /* RxCocoa in Frameworks */ = {isa = PBXBuildFile; productRef = EEDD092D282FCECD00C38D57 /* RxCocoa */; };
		EEDD0930282FCECD00C38D57 /* RxRelay in Frameworks */ = {isa = PBXBuildFile; productRef = EEDD092F282FCECD00C38D57 /* RxRelay */; };
		EEDD0932282FCECD00C38D57 /* RxSwift in Frameworks */ = {isa = PBXBuildFile; productRef = EEDD0931282FCECD00C38D57 /* RxSwift */; };
		EEDD0935282FCEEF00C38D57 /* Kingfisher in Frameworks */ = {isa = PBXBuildFile; productRef = EEDD0934282FCEEF00C38D57 /* Kingfisher */; };
		EEDD0938282FCF0100C38D57 /* SnapKit in Frameworks */ = {isa = PBXBuildFile; productRef = EEDD0937282FCF0100C38D57 /* SnapKit */; };
		EEDD093A282FCF9E00C38D57 /* MainViewController.swift in Sources */ = {isa = PBXBuildFile; fileRef = EEDD0939282FCF9E00C38D57 /* MainViewController.swift */; };
		EEDD093C282FD3B100C38D57 /* SearchBar.swift in Sources */ = {isa = PBXBuildFile; fileRef = EEDD093B282FD3B100C38D57 /* SearchBar.swift */; };
/* End PBXBuildFile section */

/* Begin PBXFileReference section */
		EEDD0915282FCE5700C38D57 /* SearchDaumBlog.app */ = {isa = PBXFileReference; explicitFileType = wrapper.application; includeInIndex = 0; path = SearchDaumBlog.app; sourceTree = BUILT_PRODUCTS_DIR; };
		EEDD0918282FCE5700C38D57 /* AppDelegate.swift */ = {isa = PBXFileReference; lastKnownFileType = sourcecode.swift; path = AppDelegate.swift; sourceTree = "<group>"; };
		EEDD091A282FCE5700C38D57 /* SceneDelegate.swift */ = {isa = PBXFileReference; lastKnownFileType = sourcecode.swift; path = SceneDelegate.swift; sourceTree = "<group>"; };
		EEDD0921282FCE5800C38D57 /* Assets.xcassets */ = {isa = PBXFileReference; lastKnownFileType = folder.assetcatalog; path = Assets.xcassets; sourceTree = "<group>"; };
		EEDD0924282FCE5800C38D57 /* Base */ = {isa = PBXFileReference; lastKnownFileType = file.storyboard; name = Base; path = Base.lproj/LaunchScreen.storyboard; sourceTree = "<group>"; };
		EEDD0926282FCE5800C38D57 /* Info.plist */ = {isa = PBXFileReference; lastKnownFileType = text.plist.xml; path = Info.plist; sourceTree = "<group>"; };
		EEDD0939282FCF9E00C38D57 /* MainViewController.swift */ = {isa = PBXFileReference; lastKnownFileType = sourcecode.swift; path = MainViewController.swift; sourceTree = "<group>"; };
		EEDD093B282FD3B100C38D57 /* SearchBar.swift */ = {isa = PBXFileReference; lastKnownFileType = sourcecode.swift; path = SearchBar.swift; sourceTree = "<group>"; };
/* End PBXFileReference section */

/* Begin PBXFrameworksBuildPhase section */
		EEDD0912282FCE5700C38D57 /* Frameworks */ = {
			isa = PBXFrameworksBuildPhase;
			buildActionMask = 2147483647;
			files = (
				EEDD0935282FCEEF00C38D57 /* Kingfisher in Frameworks */,
				EEDD0932282FCECD00C38D57 /* RxSwift in Frameworks */,
				EEDD0930282FCECD00C38D57 /* RxRelay in Frameworks */,
				EEDD092E282FCECD00C38D57 /* RxCocoa in Frameworks */,
				EEDD0938282FCF0100C38D57 /* SnapKit in Frameworks */,
			);
			runOnlyForDeploymentPostprocessing = 0;
		};
/* End PBXFrameworksBuildPhase section */

/* Begin PBXGroup section */
		EEDD090C282FCE5700C38D57 = {
			isa = PBXGroup;
			children = (
				EEDD0917282FCE5700C38D57 /* SearchDaumBlog */,
				EEDD0916282FCE5700C38D57 /* Products */,
			);
			sourceTree = "<group>";
		};
		EEDD0916282FCE5700C38D57 /* Products */ = {
			isa = PBXGroup;
			children = (
				EEDD0915282FCE5700C38D57 /* SearchDaumBlog.app */,
			);
			name = Products;
			sourceTree = "<group>";
		};
		EEDD0917282FCE5700C38D57 /* SearchDaumBlog */ = {
			isa = PBXGroup;
			children = (
				EEDD0918282FCE5700C38D57 /* AppDelegate.swift */,
				EEDD091A282FCE5700C38D57 /* SceneDelegate.swift */,
				EEDD0921282FCE5800C38D57 /* Assets.xcassets */,
				EEDD0923282FCE5800C38D57 /* LaunchScreen.storyboard */,
				EEDD0926282FCE5800C38D57 /* Info.plist */,
				EEDD0939282FCF9E00C38D57 /* MainViewController.swift */,
				EEDD093B282FD3B100C38D57 /* SearchBar.swift */,
			);
			path = SearchDaumBlog;
			sourceTree = "<group>";
		};
/* End PBXGroup section */

/* Begin PBXNativeTarget section */
		EEDD0914282FCE5700C38D57 /* SearchDaumBlog */ = {
			isa = PBXNativeTarget;
			buildConfigurationList = EEDD0929282FCE5800C38D57 /* Build configuration list for PBXNativeTarget "SearchDaumBlog" */;
			buildPhases = (
				EEDD0911282FCE5700C38D57 /* Sources */,
				EEDD0912282FCE5700C38D57 /* Frameworks */,
				EEDD0913282FCE5700C38D57 /* Resources */,
			);
			buildRules = (
			);
			dependencies = (
			);
			name = SearchDaumBlog;
			packageProductDependencies = (
				EEDD092D282FCECD00C38D57 /* RxCocoa */,
				EEDD092F282FCECD00C38D57 /* RxRelay */,
				EEDD0931282FCECD00C38D57 /* RxSwift */,
				EEDD0934282FCEEF00C38D57 /* Kingfisher */,
				EEDD0937282FCF0100C38D57 /* SnapKit */,
			);
			productName = SearchDaumBlog;
			productReference = EEDD0915282FCE5700C38D57 /* SearchDaumBlog.app */;
			productType = "com.apple.product-type.application";
		};
/* End PBXNativeTarget section */

/* Begin PBXProject section */
		EEDD090D282FCE5700C38D57 /* Project object */ = {
			isa = PBXProject;
			attributes = {
				BuildIndependentTargetsInParallel = 1;
				LastSwiftUpdateCheck = 1320;
				LastUpgradeCheck = 1320;
				TargetAttributes = {
					EEDD0914282FCE5700C38D57 = {
						CreatedOnToolsVersion = 13.2.1;
					};
				};
			};
			buildConfigurationList = EEDD0910282FCE5700C38D57 /* Build configuration list for PBXProject "SearchDaumBlog" */;
			compatibilityVersion = "Xcode 13.0";
			developmentRegion = en;
			hasScannedForEncodings = 0;
			knownRegions = (
				en,
				Base,
			);
			mainGroup = EEDD090C282FCE5700C38D57;
			packageReferences = (
				EEDD092C282FCECD00C38D57 /* XCRemoteSwiftPackageReference "RxSwift" */,
				EEDD0933282FCEEF00C38D57 /* XCRemoteSwiftPackageReference "Kingfisher" */,
				EEDD0936282FCF0100C38D57 /* XCRemoteSwiftPackageReference "SnapKit" */,
			);
			productRefGroup = EEDD0916282FCE5700C38D57 /* Products */;
			projectDirPath = "";
			projectRoot = "";
			targets = (
				EEDD0914282FCE5700C38D57 /* SearchDaumBlog */,
			);
		};
/* End PBXProject section */

/* Begin PBXResourcesBuildPhase section */
		EEDD0913282FCE5700C38D57 /* Resources */ = {
			isa = PBXResourcesBuildPhase;
			buildActionMask = 2147483647;
			files = (
				EEDD0925282FCE5800C38D57 /* LaunchScreen.storyboard in Resources */,
				EEDD0922282FCE5800C38D57 /* Assets.xcassets in Resources */,
			);
			runOnlyForDeploymentPostprocessing = 0;
		};
/* End PBXResourcesBuildPhase section */

/* Begin PBXSourcesBuildPhase section */
		EEDD0911282FCE5700C38D57 /* Sources */ = {
			isa = PBXSourcesBuildPhase;
			buildActionMask = 2147483647;
			files = (
				EEDD093A282FCF9E00C38D57 /* MainViewController.swift in Sources */,
				EEDD093C282FD3B100C38D57 /* SearchBar.swift in Sources */,
				EEDD0919282FCE5700C38D57 /* AppDelegate.swift in Sources */,
				EEDD091B282FCE5700C38D57 /* SceneDelegate.swift in Sources */,
			);
			runOnlyForDeploymentPostprocessing = 0;
		};
/* End PBXSourcesBuildPhase section */

/* Begin PBXVariantGroup section */
		EEDD0923282FCE5800C38D57 /* LaunchScreen.storyboard */ = {
			isa = PBXVariantGroup;
			children = (
				EEDD0924282FCE5800C38D57 /* Base */,
			);
			name = LaunchScreen.storyboard;
			sourceTree = "<group>";
		};
/* End PBXVariantGroup section */

/* Begin XCBuildConfiguration section */
		EEDD0927282FCE5800C38D57 /* Debug */ = {
			isa = XCBuildConfiguration;
			buildSettings = {
				ALWAYS_SEARCH_USER_PATHS = NO;
				CLANG_ANALYZER_NONNULL = YES;
				CLANG_ANALYZER_NUMBER_OBJECT_CONVERSION = YES_AGGRESSIVE;
				CLANG_CXX_LANGUAGE_STANDARD = "gnu++17";
				CLANG_CXX_LIBRARY = "libc++";
				CLANG_ENABLE_MODULES = YES;
				CLANG_ENABLE_OBJC_ARC = YES;
				CLANG_ENABLE_OBJC_WEAK = YES;
				CLANG_WARN_BLOCK_CAPTURE_AUTORELEASING = YES;
				CLANG_WARN_BOOL_CONVERSION = YES;
				CLANG_WARN_COMMA = YES;
				CLANG_WARN_CONSTANT_CONVERSION = YES;
				CLANG_WARN_DEPRECATED_OBJC_IMPLEMENTATIONS = YES;
				CLANG_WARN_DIRECT_OBJC_ISA_USAGE = YES_ERROR;
				CLANG_WARN_DOCUMENTATION_COMMENTS = YES;
				CLANG_WARN_EMPTY_BODY = YES;
				CLANG_WARN_ENUM_CONVERSION = YES;
				CLANG_WARN_INFINITE_RECURSION = YES;
				CLANG_WARN_INT_CONVERSION = YES;
				CLANG_WARN_NON_LITERAL_NULL_CONVERSION = YES;
				CLANG_WARN_OBJC_IMPLICIT_RETAIN_SELF = YES;
				CLANG_WARN_OBJC_LITERAL_CONVERSION = YES;
				CLANG_WARN_OBJC_ROOT_CLASS = YES_ERROR;
				CLANG_WARN_QUOTED_INCLUDE_IN_FRAMEWORK_HEADER = YES;
				CLANG_WARN_RANGE_LOOP_ANALYSIS = YES;
				CLANG_WARN_STRICT_PROTOTYPES = YES;
				CLANG_WARN_SUSPICIOUS_MOVE = YES;
				CLANG_WARN_UNGUARDED_AVAILABILITY = YES_AGGRESSIVE;
				CLANG_WARN_UNREACHABLE_CODE = YES;
				CLANG_WARN__DUPLICATE_METHOD_MATCH = YES;
				COPY_PHASE_STRIP = NO;
				DEBUG_INFORMATION_FORMAT = dwarf;
				ENABLE_STRICT_OBJC_MSGSEND = YES;
				ENABLE_TESTABILITY = YES;
				GCC_C_LANGUAGE_STANDARD = gnu11;
				GCC_DYNAMIC_NO_PIC = NO;
				GCC_NO_COMMON_BLOCKS = YES;
				GCC_OPTIMIZATION_LEVEL = 0;
				GCC_PREPROCESSOR_DEFINITIONS = (
					"DEBUG=1",
					"$(inherited)",
				);
				GCC_WARN_64_TO_32_BIT_CONVERSION = YES;
				GCC_WARN_ABOUT_RETURN_TYPE = YES_ERROR;
				GCC_WARN_UNDECLARED_SELECTOR = YES;
				GCC_WARN_UNINITIALIZED_AUTOS = YES_AGGRESSIVE;
				GCC_WARN_UNUSED_FUNCTION = YES;
				GCC_WARN_UNUSED_VARIABLE = YES;
				IPHONEOS_DEPLOYMENT_TARGET = 15.2;
				MTL_ENABLE_DEBUG_INFO = INCLUDE_SOURCE;
				MTL_FAST_MATH = YES;
				ONLY_ACTIVE_ARCH = YES;
				SDKROOT = iphoneos;
				SWIFT_ACTIVE_COMPILATION_CONDITIONS = DEBUG;
				SWIFT_OPTIMIZATION_LEVEL = "-Onone";
			};
			name = Debug;
		};
		EEDD0928282FCE5800C38D57 /* Release */ = {
			isa = XCBuildConfiguration;
			buildSettings = {
				ALWAYS_SEARCH_USER_PATHS = NO;
				CLANG_ANALYZER_NONNULL = YES;
				CLANG_ANALYZER_NUMBER_OBJECT_CONVERSION = YES_AGGRESSIVE;
				CLANG_CXX_LANGUAGE_STANDARD = "gnu++17";
				CLANG_CXX_LIBRARY = "libc++";
				CLANG_ENABLE_MODULES = YES;
				CLANG_ENABLE_OBJC_ARC = YES;
				CLANG_ENABLE_OBJC_WEAK = YES;
				CLANG_WARN_BLOCK_CAPTURE_AUTORELEASING = YES;
				CLANG_WARN_BOOL_CONVERSION = YES;
				CLANG_WARN_COMMA = YES;
				CLANG_WARN_CONSTANT_CONVERSION = YES;
				CLANG_WARN_DEPRECATED_OBJC_IMPLEMENTATIONS = YES;
				CLANG_WARN_DIRECT_OBJC_ISA_USAGE = YES_ERROR;
				CLANG_WARN_DOCUMENTATION_COMMENTS = YES;
				CLANG_WARN_EMPTY_BODY = YES;
				CLANG_WARN_ENUM_CONVERSION = YES;
				CLANG_WARN_INFINITE_RECURSION = YES;
				CLANG_WARN_INT_CONVERSION = YES;
				CLANG_WARN_NON_LITERAL_NULL_CONVERSION = YES;
				CLANG_WARN_OBJC_IMPLICIT_RETAIN_SELF = YES;
				CLANG_WARN_OBJC_LITERAL_CONVERSION = YES;
				CLANG_WARN_OBJC_ROOT_CLASS = YES_ERROR;
				CLANG_WARN_QUOTED_INCLUDE_IN_FRAMEWORK_HEADER = YES;
				CLANG_WARN_RANGE_LOOP_ANALYSIS = YES;
				CLANG_WARN_STRICT_PROTOTYPES = YES;
				CLANG_WARN_SUSPICIOUS_MOVE = YES;
				CLANG_WARN_UNGUARDED_AVAILABILITY = YES_AGGRESSIVE;
				CLANG_WARN_UNREACHABLE_CODE = YES;
				CLANG_WARN__DUPLICATE_METHOD_MATCH = YES;
				COPY_PHASE_STRIP = NO;
				DEBUG_INFORMATION_FORMAT = "dwarf-with-dsym";
				ENABLE_NS_ASSERTIONS = NO;
				ENABLE_STRICT_OBJC_MSGSEND = YES;
				GCC_C_LANGUAGE_STANDARD = gnu11;
				GCC_NO_COMMON_BLOCKS = YES;
				GCC_WARN_64_TO_32_BIT_CONVERSION = YES;
				GCC_WARN_ABOUT_RETURN_TYPE = YES_ERROR;
				GCC_WARN_UNDECLARED_SELECTOR = YES;
				GCC_WARN_UNINITIALIZED_AUTOS = YES_AGGRESSIVE;
				GCC_WARN_UNUSED_FUNCTION = YES;
				GCC_WARN_UNUSED_VARIABLE = YES;
				IPHONEOS_DEPLOYMENT_TARGET = 15.2;
				MTL_ENABLE_DEBUG_INFO = NO;
				MTL_FAST_MATH = YES;
				SDKROOT = iphoneos;
				SWIFT_COMPILATION_MODE = wholemodule;
				SWIFT_OPTIMIZATION_LEVEL = "-O";
				VALIDATE_PRODUCT = YES;
			};
			name = Release;
		};
		EEDD092A282FCE5800C38D57 /* Debug */ = {
			isa = XCBuildConfiguration;
			buildSettings = {
				ASSETCATALOG_COMPILER_APPICON_NAME = AppIcon;
				ASSETCATALOG_COMPILER_GLOBAL_ACCENT_COLOR_NAME = AccentColor;
				CODE_SIGN_STYLE = Automatic;
				CURRENT_PROJECT_VERSION = 1;
				DEVELOPMENT_TEAM = Q57K6D2JP2;
				GENERATE_INFOPLIST_FILE = YES;
				INFOPLIST_FILE = SearchDaumBlog/Info.plist;
				INFOPLIST_KEY_UIApplicationSupportsIndirectInputEvents = YES;
				INFOPLIST_KEY_UILaunchStoryboardName = LaunchScreen;
				INFOPLIST_KEY_UISupportedInterfaceOrientations_iPad = "UIInterfaceOrientationPortrait UIInterfaceOrientationPortraitUpsideDown UIInterfaceOrientationLandscapeLeft UIInterfaceOrientationLandscapeRight";
				INFOPLIST_KEY_UISupportedInterfaceOrientations_iPhone = "UIInterfaceOrientationPortrait UIInterfaceOrientationLandscapeLeft UIInterfaceOrientationLandscapeRight";
				LD_RUNPATH_SEARCH_PATHS = (
					"$(inherited)",
					"@executable_path/Frameworks",
				);
				MARKETING_VERSION = 1.0;
				PRODUCT_BUNDLE_IDENTIFIER = com.example.practice.SearchDaumBlog;
				PRODUCT_NAME = "$(TARGET_NAME)";
				SWIFT_EMIT_LOC_STRINGS = YES;
				SWIFT_VERSION = 5.0;
				TARGETED_DEVICE_FAMILY = "1,2";
			};
			name = Debug;
		};
		EEDD092B282FCE5800C38D57 /* Release */ = {
			isa = XCBuildConfiguration;
			buildSettings = {
				ASSETCATALOG_COMPILER_APPICON_NAME = AppIcon;
				ASSETCATALOG_COMPILER_GLOBAL_ACCENT_COLOR_NAME = AccentColor;
				CODE_SIGN_STYLE = Automatic;
				CURRENT_PROJECT_VERSION = 1;
				DEVELOPMENT_TEAM = Q57K6D2JP2;
				GENERATE_INFOPLIST_FILE = YES;
				INFOPLIST_FILE = SearchDaumBlog/Info.plist;
				INFOPLIST_KEY_UIApplicationSupportsIndirectInputEvents = YES;
				INFOPLIST_KEY_UILaunchStoryboardName = LaunchScreen;
				INFOPLIST_KEY_UISupportedInterfaceOrientations_iPad = "UIInterfaceOrientationPortrait UIInterfaceOrientationPortraitUpsideDown UIInterfaceOrientationLandscapeLeft UIInterfaceOrientationLandscapeRight";
				INFOPLIST_KEY_UISupportedInterfaceOrientations_iPhone = "UIInterfaceOrientationPortrait UIInterfaceOrientationLandscapeLeft UIInterfaceOrientationLandscapeRight";
				LD_RUNPATH_SEARCH_PATHS = (
					"$(inherited)",
					"@executable_path/Frameworks",
				);
				MARKETING_VERSION = 1.0;
				PRODUCT_BUNDLE_IDENTIFIER = com.example.practice.SearchDaumBlog;
				PRODUCT_NAME = "$(TARGET_NAME)";
				SWIFT_EMIT_LOC_STRINGS = YES;
				SWIFT_VERSION = 5.0;
				TARGETED_DEVICE_FAMILY = "1,2";
			};
			name = Release;
		};
/* End XCBuildConfiguration section */

/* Begin XCConfigurationList section */
		EEDD0910282FCE5700C38D57 /* Build configuration list for PBXProject "SearchDaumBlog" */ = {
			isa = XCConfigurationList;
			buildConfigurations = (
				EEDD0927282FCE5800C38D57 /* Debug */,
				EEDD0928282FCE5800C38D57 /* Release */,
			);
			defaultConfigurationIsVisible = 0;
			defaultConfigurationName = Release;
		};
		EEDD0929282FCE5800C38D57 /* Build configuration list for PBXNativeTarget "SearchDaumBlog" */ = {
			isa = XCConfigurationList;
			buildConfigurations = (
				EEDD092A282FCE5800C38D57 /* Debug */,
				EEDD092B282FCE5800C38D57 /* Release */,
			);
			defaultConfigurationIsVisible = 0;
			defaultConfigurationName = Release;
		};
/* End XCConfigurationList section */

/* Begin XCRemoteSwiftPackageReference section */
		EEDD092C282FCECD00C38D57 /* XCRemoteSwiftPackageReference "RxSwift" */ = {
			isa = XCRemoteSwiftPackageReference;
			repositoryURL = "https://github.com/ReactiveX/RxSwift.git";
			requirement = {
				kind = upToNextMajorVersion;
				minimumVersion = 6.0.0;
			};
		};
		EEDD0933282FCEEF00C38D57 /* XCRemoteSwiftPackageReference "Kingfisher" */ = {
			isa = XCRemoteSwiftPackageReference;
			repositoryURL = "https://github.com/onevcat/Kingfisher.git";
			requirement = {
				branch = master;
				kind = branch;
			};
		};
		EEDD0936282FCF0100C38D57 /* XCRemoteSwiftPackageReference "SnapKit" */ = {
			isa = XCRemoteSwiftPackageReference;
			repositoryURL = "https://github.com/SnapKit/SnapKit.git";
			requirement = {
				kind = upToNextMajorVersion;
				minimumVersion = 5.0.0;
			};
		};
/* End XCRemoteSwiftPackageReference section */

/* Begin XCSwiftPackageProductDependency section */
		EEDD092D282FCECD00C38D57 /* RxCocoa */ = {
			isa = XCSwiftPackageProductDependency;
			package = EEDD092C282FCECD00C38D57 /* XCRemoteSwiftPackageReference "RxSwift" */;
			productName = RxCocoa;
		};
		EEDD092F282FCECD00C38D57 /* RxRelay */ = {
			isa = XCSwiftPackageProductDependency;
			package = EEDD092C282FCECD00C38D57 /* XCRemoteSwiftPackageReference "RxSwift" */;
			productName = RxRelay;
		};
		EEDD0931282FCECD00C38D57 /* RxSwift */ = {
			isa = XCSwiftPackageProductDependency;
			package = EEDD092C282FCECD00C38D57 /* XCRemoteSwiftPackageReference "RxSwift" */;
			productName = RxSwift;
		};
		EEDD0934282FCEEF00C38D57 /* Kingfisher */ = {
			isa = XCSwiftPackageProductDependency;
			package = EEDD0933282FCEEF00C38D57 /* XCRemoteSwiftPackageReference "Kingfisher" */;
			productName = Kingfisher;
		};
		EEDD0937282FCF0100C38D57 /* SnapKit */ = {
			isa = XCSwiftPackageProductDependency;
			package = EEDD0936282FCF0100C38D57 /* XCRemoteSwiftPackageReference "SnapKit" */;
			productName = SnapKit;
		};
/* End XCSwiftPackageProductDependency section */
	};
	rootObject = EEDD090D282FCE5700C38D57 /* Project object */;
}
