// !$*UTF8*$!
{
	archiveVersion = 1;
	classes = {
	};
	objectVersion = 55;
	objects = {

/* Begin PBXBuildFile section */
		5E512A94A5E5D1F7B20456A6 /* Pods_RC_4th_tribeOfDelevery.framework in Frameworks */ = {isa = PBXBuildFile; fileRef = E62CB5F59AABAE05CA3E83F7 /* Pods_RC_4th_tribeOfDelevery.framework */; };
		EE6778F927C45BAE0042D30E /* CategoryTabBarViewController.swift in Sources */ = {isa = PBXBuildFile; fileRef = EE6778F827C45BAE0042D30E /* CategoryTabBarViewController.swift */; };
		EE6778FB27C45BEC0042D30E /* ChickenViewController.swift in Sources */ = {isa = PBXBuildFile; fileRef = EE6778FA27C45BEC0042D30E /* ChickenViewController.swift */; };
		EE6778FD27C469AC0042D30E /* CategorySegmentController.swift in Sources */ = {isa = PBXBuildFile; fileRef = EE6778FC27C469AC0042D30E /* CategorySegmentController.swift */; };
		EE9F761C27C9866B00687510 /* ViewController.swift in Sources */ = {isa = PBXBuildFile; fileRef = EEEDF4E327C1F34400C4E726 /* ViewController.swift */; };
		EEB29F1F27C9B6CD003B29D3 /* RestaurantTableViewCell.swift in Sources */ = {isa = PBXBuildFile; fileRef = EEB29F1E27C9B6CD003B29D3 /* RestaurantTableViewCell.swift */; };
		EEEDF4E027C1F34400C4E726 /* AppDelegate.swift in Sources */ = {isa = PBXBuildFile; fileRef = EEEDF4DF27C1F34400C4E726 /* AppDelegate.swift */; };
		EEEDF4E227C1F34400C4E726 /* SceneDelegate.swift in Sources */ = {isa = PBXBuildFile; fileRef = EEEDF4E127C1F34400C4E726 /* SceneDelegate.swift */; };
		EEEDF4E727C1F34400C4E726 /* Main.storyboard in Resources */ = {isa = PBXBuildFile; fileRef = EEEDF4E527C1F34400C4E726 /* Main.storyboard */; };
		EEEDF4E927C1F34600C4E726 /* Assets.xcassets in Resources */ = {isa = PBXBuildFile; fileRef = EEEDF4E827C1F34600C4E726 /* Assets.xcassets */; };
		EEEDF4EC27C1F34600C4E726 /* LaunchScreen.storyboard in Resources */ = {isa = PBXBuildFile; fileRef = EEEDF4EA27C1F34600C4E726 /* LaunchScreen.storyboard */; };
/* End PBXBuildFile section */

/* Begin PBXFileReference section */
		10C6F2386B0B4CE310D61B38 /* Pods-RC_4th_tribeOfDelevery.debug.xcconfig */ = {isa = PBXFileReference; includeInIndex = 1; lastKnownFileType = text.xcconfig; name = "Pods-RC_4th_tribeOfDelevery.debug.xcconfig"; path = "Target Support Files/Pods-RC_4th_tribeOfDelevery/Pods-RC_4th_tribeOfDelevery.debug.xcconfig"; sourceTree = "<group>"; };
		E59D12B43DCC8BDD494BC041 /* Pods-RC_4th_tribeOfDelevery.release.xcconfig */ = {isa = PBXFileReference; includeInIndex = 1; lastKnownFileType = text.xcconfig; name = "Pods-RC_4th_tribeOfDelevery.release.xcconfig"; path = "Target Support Files/Pods-RC_4th_tribeOfDelevery/Pods-RC_4th_tribeOfDelevery.release.xcconfig"; sourceTree = "<group>"; };
		E62CB5F59AABAE05CA3E83F7 /* Pods_RC_4th_tribeOfDelevery.framework */ = {isa = PBXFileReference; explicitFileType = wrapper.framework; includeInIndex = 0; path = Pods_RC_4th_tribeOfDelevery.framework; sourceTree = BUILT_PRODUCTS_DIR; };
		EE6778F827C45BAE0042D30E /* CategoryTabBarViewController.swift */ = {isa = PBXFileReference; lastKnownFileType = sourcecode.swift; path = CategoryTabBarViewController.swift; sourceTree = "<group>"; };
		EE6778FA27C45BEC0042D30E /* ChickenViewController.swift */ = {isa = PBXFileReference; lastKnownFileType = sourcecode.swift; path = ChickenViewController.swift; sourceTree = "<group>"; };
		EE6778FC27C469AC0042D30E /* CategorySegmentController.swift */ = {isa = PBXFileReference; lastKnownFileType = sourcecode.swift; path = CategorySegmentController.swift; sourceTree = "<group>"; };
		EEB29F1E27C9B6CD003B29D3 /* RestaurantTableViewCell.swift */ = {isa = PBXFileReference; fileEncoding = 4; lastKnownFileType = sourcecode.swift; name = RestaurantTableViewCell.swift; path = ../../../../../RestaurantTableViewCell.swift; sourceTree = "<group>"; };
		EEEDF4DC27C1F34400C4E726 /* RC_4th_tribeOfDelevery.app */ = {isa = PBXFileReference; explicitFileType = wrapper.application; includeInIndex = 0; path = RC_4th_tribeOfDelevery.app; sourceTree = BUILT_PRODUCTS_DIR; };
		EEEDF4DF27C1F34400C4E726 /* AppDelegate.swift */ = {isa = PBXFileReference; lastKnownFileType = sourcecode.swift; path = AppDelegate.swift; sourceTree = "<group>"; };
		EEEDF4E127C1F34400C4E726 /* SceneDelegate.swift */ = {isa = PBXFileReference; lastKnownFileType = sourcecode.swift; path = SceneDelegate.swift; sourceTree = "<group>"; };
		EEEDF4E327C1F34400C4E726 /* ViewController.swift */ = {isa = PBXFileReference; lastKnownFileType = sourcecode.swift; path = ViewController.swift; sourceTree = "<group>"; };
		EEEDF4E627C1F34400C4E726 /* Base */ = {isa = PBXFileReference; lastKnownFileType = file.storyboard; name = Base; path = Base.lproj/Main.storyboard; sourceTree = "<group>"; };
		EEEDF4E827C1F34600C4E726 /* Assets.xcassets */ = {isa = PBXFileReference; lastKnownFileType = folder.assetcatalog; path = Assets.xcassets; sourceTree = "<group>"; };
		EEEDF4EB27C1F34600C4E726 /* Base */ = {isa = PBXFileReference; lastKnownFileType = file.storyboard; name = Base; path = Base.lproj/LaunchScreen.storyboard; sourceTree = "<group>"; };
		EEEDF4ED27C1F34600C4E726 /* Info.plist */ = {isa = PBXFileReference; lastKnownFileType = text.plist.xml; path = Info.plist; sourceTree = "<group>"; };
/* End PBXFileReference section */

/* Begin PBXFrameworksBuildPhase section */
		EEEDF4D927C1F34400C4E726 /* Frameworks */ = {
			isa = PBXFrameworksBuildPhase;
			buildActionMask = 2147483647;
			files = (
				5E512A94A5E5D1F7B20456A6 /* Pods_RC_4th_tribeOfDelevery.framework in Frameworks */,
			);
			runOnlyForDeploymentPostprocessing = 0;
		};
/* End PBXFrameworksBuildPhase section */

/* Begin PBXGroup section */
		029E5CD2A0C95EFA4B15067D /* Frameworks */ = {
			isa = PBXGroup;
			children = (
				E62CB5F59AABAE05CA3E83F7 /* Pods_RC_4th_tribeOfDelevery.framework */,
			);
			name = Frameworks;
			sourceTree = "<group>";
		};
		EE6778F727C45B200042D30E /* ListOfRestaurant */ = {
			isa = PBXGroup;
			children = (
				EE6778F827C45BAE0042D30E /* CategoryTabBarViewController.swift */,
				EE6778FA27C45BEC0042D30E /* ChickenViewController.swift */,
				EE6778FC27C469AC0042D30E /* CategorySegmentController.swift */,
			);
			path = ListOfRestaurant;
			sourceTree = "<group>";
		};
		EEEDF4D327C1F34400C4E726 = {
			isa = PBXGroup;
			children = (
				EEEDF4DE27C1F34400C4E726 /* RC_4th_tribeOfDelevery */,
				EEEDF4DD27C1F34400C4E726 /* Products */,
				F0AEFB42640AB099CDDD2C3A /* Pods */,
				029E5CD2A0C95EFA4B15067D /* Frameworks */,
			);
			sourceTree = "<group>";
		};
		EEEDF4DD27C1F34400C4E726 /* Products */ = {
			isa = PBXGroup;
			children = (
				EEEDF4DC27C1F34400C4E726 /* RC_4th_tribeOfDelevery.app */,
			);
			name = Products;
			sourceTree = "<group>";
		};
		EEEDF4DE27C1F34400C4E726 /* RC_4th_tribeOfDelevery */ = {
			isa = PBXGroup;
			children = (
				EE6778F727C45B200042D30E /* ListOfRestaurant */,
				EEEDF4DF27C1F34400C4E726 /* AppDelegate.swift */,
				EEEDF4E327C1F34400C4E726 /* ViewController.swift */,
				EEEDF4E127C1F34400C4E726 /* SceneDelegate.swift */,
				EEB29F1E27C9B6CD003B29D3 /* RestaurantTableViewCell.swift */,
				EEEDF4E527C1F34400C4E726 /* Main.storyboard */,
				EEEDF4E827C1F34600C4E726 /* Assets.xcassets */,
				EEEDF4EA27C1F34600C4E726 /* LaunchScreen.storyboard */,
				EEEDF4ED27C1F34600C4E726 /* Info.plist */,
			);
			path = RC_4th_tribeOfDelevery;
			sourceTree = "<group>";
		};
		F0AEFB42640AB099CDDD2C3A /* Pods */ = {
			isa = PBXGroup;
			children = (
				10C6F2386B0B4CE310D61B38 /* Pods-RC_4th_tribeOfDelevery.debug.xcconfig */,
				E59D12B43DCC8BDD494BC041 /* Pods-RC_4th_tribeOfDelevery.release.xcconfig */,
			);
			path = Pods;
			sourceTree = "<group>";
		};
/* End PBXGroup section */

/* Begin PBXNativeTarget section */
		EEEDF4DB27C1F34400C4E726 /* RC_4th_tribeOfDelevery */ = {
			isa = PBXNativeTarget;
			buildConfigurationList = EEEDF4F027C1F34600C4E726 /* Build configuration list for PBXNativeTarget "RC_4th_tribeOfDelevery" */;
			buildPhases = (
				B22C56E2D4701086A870FE93 /* [CP] Check Pods Manifest.lock */,
				EEEDF4D827C1F34400C4E726 /* Sources */,
				EEEDF4D927C1F34400C4E726 /* Frameworks */,
				EEEDF4DA27C1F34400C4E726 /* Resources */,
				2016563B96ACB8646FA847D0 /* [CP] Embed Pods Frameworks */,
			);
			buildRules = (
			);
			dependencies = (
			);
			name = RC_4th_tribeOfDelevery;
			productName = RC_4th_tribeOfDelevery;
			productReference = EEEDF4DC27C1F34400C4E726 /* RC_4th_tribeOfDelevery.app */;
			productType = "com.apple.product-type.application";
		};
/* End PBXNativeTarget section */

/* Begin PBXProject section */
		EEEDF4D427C1F34400C4E726 /* Project object */ = {
			isa = PBXProject;
			attributes = {
				BuildIndependentTargetsInParallel = 1;
				LastSwiftUpdateCheck = 1320;
				LastUpgradeCheck = 1320;
				TargetAttributes = {
					EEEDF4DB27C1F34400C4E726 = {
						CreatedOnToolsVersion = 13.2.1;
					};
				};
			};
			buildConfigurationList = EEEDF4D727C1F34400C4E726 /* Build configuration list for PBXProject "RC_4th_tribeOfDelevery" */;
			compatibilityVersion = "Xcode 13.0";
			developmentRegion = en;
			hasScannedForEncodings = 0;
			knownRegions = (
				en,
				Base,
			);
			mainGroup = EEEDF4D327C1F34400C4E726;
			productRefGroup = EEEDF4DD27C1F34400C4E726 /* Products */;
			projectDirPath = "";
			projectRoot = "";
			targets = (
				EEEDF4DB27C1F34400C4E726 /* RC_4th_tribeOfDelevery */,
			);
		};
/* End PBXProject section */

/* Begin PBXResourcesBuildPhase section */
		EEEDF4DA27C1F34400C4E726 /* Resources */ = {
			isa = PBXResourcesBuildPhase;
			buildActionMask = 2147483647;
			files = (
				EEEDF4EC27C1F34600C4E726 /* LaunchScreen.storyboard in Resources */,
				EEEDF4E927C1F34600C4E726 /* Assets.xcassets in Resources */,
				EEEDF4E727C1F34400C4E726 /* Main.storyboard in Resources */,
			);
			runOnlyForDeploymentPostprocessing = 0;
		};
/* End PBXResourcesBuildPhase section */

/* Begin PBXShellScriptBuildPhase section */
		2016563B96ACB8646FA847D0 /* [CP] Embed Pods Frameworks */ = {
			isa = PBXShellScriptBuildPhase;
			buildActionMask = 2147483647;
			files = (
			);
			inputFileListPaths = (
				"${PODS_ROOT}/Target Support Files/Pods-RC_4th_tribeOfDelevery/Pods-RC_4th_tribeOfDelevery-frameworks-${CONFIGURATION}-input-files.xcfilelist",
			);
			name = "[CP] Embed Pods Frameworks";
			outputFileListPaths = (
				"${PODS_ROOT}/Target Support Files/Pods-RC_4th_tribeOfDelevery/Pods-RC_4th_tribeOfDelevery-frameworks-${CONFIGURATION}-output-files.xcfilelist",
			);
			runOnlyForDeploymentPostprocessing = 0;
			shellPath = /bin/sh;
			shellScript = "\"${PODS_ROOT}/Target Support Files/Pods-RC_4th_tribeOfDelevery/Pods-RC_4th_tribeOfDelevery-frameworks.sh\"\n";
			showEnvVarsInLog = 0;
		};
		B22C56E2D4701086A870FE93 /* [CP] Check Pods Manifest.lock */ = {
			isa = PBXShellScriptBuildPhase;
			buildActionMask = 2147483647;
			files = (
			);
			inputFileListPaths = (
			);
			inputPaths = (
				"${PODS_PODFILE_DIR_PATH}/Podfile.lock",
				"${PODS_ROOT}/Manifest.lock",
			);
			name = "[CP] Check Pods Manifest.lock";
			outputFileListPaths = (
			);
			outputPaths = (
				"$(DERIVED_FILE_DIR)/Pods-RC_4th_tribeOfDelevery-checkManifestLockResult.txt",
			);
			runOnlyForDeploymentPostprocessing = 0;
			shellPath = /bin/sh;
			shellScript = "diff \"${PODS_PODFILE_DIR_PATH}/Podfile.lock\" \"${PODS_ROOT}/Manifest.lock\" > /dev/null\nif [ $? != 0 ] ; then\n    # print error to STDERR\n    echo \"error: The sandbox is not in sync with the Podfile.lock. Run 'pod install' or update your CocoaPods installation.\" >&2\n    exit 1\nfi\n# This output is used by Xcode 'outputs' to avoid re-running this script phase.\necho \"SUCCESS\" > \"${SCRIPT_OUTPUT_FILE_0}\"\n";
			showEnvVarsInLog = 0;
		};
/* End PBXShellScriptBuildPhase section */

/* Begin PBXSourcesBuildPhase section */
		EEEDF4D827C1F34400C4E726 /* Sources */ = {
			isa = PBXSourcesBuildPhase;
			buildActionMask = 2147483647;
			files = (
				EEEDF4E027C1F34400C4E726 /* AppDelegate.swift in Sources */,
				EE6778F927C45BAE0042D30E /* CategoryTabBarViewController.swift in Sources */,
				EE6778FB27C45BEC0042D30E /* ChickenViewController.swift in Sources */,
				EEEDF4E227C1F34400C4E726 /* SceneDelegate.swift in Sources */,
				EE9F761C27C9866B00687510 /* ViewController.swift in Sources */,
				EEB29F1F27C9B6CD003B29D3 /* RestaurantTableViewCell.swift in Sources */,
				EE6778FD27C469AC0042D30E /* CategorySegmentController.swift in Sources */,
			);
			runOnlyForDeploymentPostprocessing = 0;
		};
/* End PBXSourcesBuildPhase section */

/* Begin PBXVariantGroup section */
		EEEDF4E527C1F34400C4E726 /* Main.storyboard */ = {
			isa = PBXVariantGroup;
			children = (
				EEEDF4E627C1F34400C4E726 /* Base */,
			);
			name = Main.storyboard;
			sourceTree = "<group>";
		};
		EEEDF4EA27C1F34600C4E726 /* LaunchScreen.storyboard */ = {
			isa = PBXVariantGroup;
			children = (
				EEEDF4EB27C1F34600C4E726 /* Base */,
			);
			name = LaunchScreen.storyboard;
			sourceTree = "<group>";
		};
/* End PBXVariantGroup section */

/* Begin XCBuildConfiguration section */
		EEEDF4EE27C1F34600C4E726 /* Debug */ = {
			isa = XCBuildConfiguration;
			buildSettings = {
				ALWAYS_SEARCH_USER_PATHS = NO;
				CLANG_ANALYZER_NONNULL = YES;
				CLANG_ANALYZER_NUMBER_OBJECT_CONVERSION = YES_AGGRESSIVE;
				CLANG_CXX_LANGUAGE_STANDARD = "gnu++17";
				CLANG_CXX_LIBRARY = "libc++";
				CLANG_ENABLE_MODULES = YES;
				CLANG_ENABLE_OBJC_ARC = YES;
				CLANG_ENABLE_OBJC_WEAK = YES;
				CLANG_WARN_BLOCK_CAPTURE_AUTORELEASING = YES;
				CLANG_WARN_BOOL_CONVERSION = YES;
				CLANG_WARN_COMMA = YES;
				CLANG_WARN_CONSTANT_CONVERSION = YES;
				CLANG_WARN_DEPRECATED_OBJC_IMPLEMENTATIONS = YES;
				CLANG_WARN_DIRECT_OBJC_ISA_USAGE = YES_ERROR;
				CLANG_WARN_DOCUMENTATION_COMMENTS = YES;
				CLANG_WARN_EMPTY_BODY = YES;
				CLANG_WARN_ENUM_CONVERSION = YES;
				CLANG_WARN_INFINITE_RECURSION = YES;
				CLANG_WARN_INT_CONVERSION = YES;
				CLANG_WARN_NON_LITERAL_NULL_CONVERSION = YES;
				CLANG_WARN_OBJC_IMPLICIT_RETAIN_SELF = YES;
				CLANG_WARN_OBJC_LITERAL_CONVERSION = YES;
				CLANG_WARN_OBJC_ROOT_CLASS = YES_ERROR;
				CLANG_WARN_QUOTED_INCLUDE_IN_FRAMEWORK_HEADER = YES;
				CLANG_WARN_RANGE_LOOP_ANALYSIS = YES;
				CLANG_WARN_STRICT_PROTOTYPES = YES;
				CLANG_WARN_SUSPICIOUS_MOVE = YES;
				CLANG_WARN_UNGUARDED_AVAILABILITY = YES_AGGRESSIVE;
				CLANG_WARN_UNREACHABLE_CODE = YES;
				CLANG_WARN__DUPLICATE_METHOD_MATCH = YES;
				COPY_PHASE_STRIP = NO;
				DEBUG_INFORMATION_FORMAT = dwarf;
				ENABLE_STRICT_OBJC_MSGSEND = YES;
				ENABLE_TESTABILITY = YES;
				GCC_C_LANGUAGE_STANDARD = gnu11;
				GCC_DYNAMIC_NO_PIC = NO;
				GCC_NO_COMMON_BLOCKS = YES;
				GCC_OPTIMIZATION_LEVEL = 0;
				GCC_PREPROCESSOR_DEFINITIONS = (
					"DEBUG=1",
					"$(inherited)",
				);
				GCC_WARN_64_TO_32_BIT_CONVERSION = YES;
				GCC_WARN_ABOUT_RETURN_TYPE = YES_ERROR;
				GCC_WARN_UNDECLARED_SELECTOR = YES;
				GCC_WARN_UNINITIALIZED_AUTOS = YES_AGGRESSIVE;
				GCC_WARN_UNUSED_FUNCTION = YES;
				GCC_WARN_UNUSED_VARIABLE = YES;
				IPHONEOS_DEPLOYMENT_TARGET = 15.2;
				MTL_ENABLE_DEBUG_INFO = INCLUDE_SOURCE;
				MTL_FAST_MATH = YES;
				ONLY_ACTIVE_ARCH = YES;
				SDKROOT = iphoneos;
				SWIFT_ACTIVE_COMPILATION_CONDITIONS = DEBUG;
				SWIFT_OPTIMIZATION_LEVEL = "-Onone";
			};
			name = Debug;
		};
		EEEDF4EF27C1F34600C4E726 /* Release */ = {
			isa = XCBuildConfiguration;
			buildSettings = {
				ALWAYS_SEARCH_USER_PATHS = NO;
				CLANG_ANALYZER_NONNULL = YES;
				CLANG_ANALYZER_NUMBER_OBJECT_CONVERSION = YES_AGGRESSIVE;
				CLANG_CXX_LANGUAGE_STANDARD = "gnu++17";
				CLANG_CXX_LIBRARY = "libc++";
				CLANG_ENABLE_MODULES = YES;
				CLANG_ENABLE_OBJC_ARC = YES;
				CLANG_ENABLE_OBJC_WEAK = YES;
				CLANG_WARN_BLOCK_CAPTURE_AUTORELEASING = YES;
				CLANG_WARN_BOOL_CONVERSION = YES;
				CLANG_WARN_COMMA = YES;
				CLANG_WARN_CONSTANT_CONVERSION = YES;
				CLANG_WARN_DEPRECATED_OBJC_IMPLEMENTATIONS = YES;
				CLANG_WARN_DIRECT_OBJC_ISA_USAGE = YES_ERROR;
				CLANG_WARN_DOCUMENTATION_COMMENTS = YES;
				CLANG_WARN_EMPTY_BODY = YES;
				CLANG_WARN_ENUM_CONVERSION = YES;
				CLANG_WARN_INFINITE_RECURSION = YES;
				CLANG_WARN_INT_CONVERSION = YES;
				CLANG_WARN_NON_LITERAL_NULL_CONVERSION = YES;
				CLANG_WARN_OBJC_IMPLICIT_RETAIN_SELF = YES;
				CLANG_WARN_OBJC_LITERAL_CONVERSION = YES;
				CLANG_WARN_OBJC_ROOT_CLASS = YES_ERROR;
				CLANG_WARN_QUOTED_INCLUDE_IN_FRAMEWORK_HEADER = YES;
				CLANG_WARN_RANGE_LOOP_ANALYSIS = YES;
				CLANG_WARN_STRICT_PROTOTYPES = YES;
				CLANG_WARN_SUSPICIOUS_MOVE = YES;
				CLANG_WARN_UNGUARDED_AVAILABILITY = YES_AGGRESSIVE;
				CLANG_WARN_UNREACHABLE_CODE = YES;
				CLANG_WARN__DUPLICATE_METHOD_MATCH = YES;
				COPY_PHASE_STRIP = NO;
				DEBUG_INFORMATION_FORMAT = "dwarf-with-dsym";
				ENABLE_NS_ASSERTIONS = NO;
				ENABLE_STRICT_OBJC_MSGSEND = YES;
				GCC_C_LANGUAGE_STANDARD = gnu11;
				GCC_NO_COMMON_BLOCKS = YES;
				GCC_WARN_64_TO_32_BIT_CONVERSION = YES;
				GCC_WARN_ABOUT_RETURN_TYPE = YES_ERROR;
				GCC_WARN_UNDECLARED_SELECTOR = YES;
				GCC_WARN_UNINITIALIZED_AUTOS = YES_AGGRESSIVE;
				GCC_WARN_UNUSED_FUNCTION = YES;
				GCC_WARN_UNUSED_VARIABLE = YES;
				IPHONEOS_DEPLOYMENT_TARGET = 15.2;
				MTL_ENABLE_DEBUG_INFO = NO;
				MTL_FAST_MATH = YES;
				SDKROOT = iphoneos;
				SWIFT_COMPILATION_MODE = wholemodule;
				SWIFT_OPTIMIZATION_LEVEL = "-O";
				VALIDATE_PRODUCT = YES;
			};
			name = Release;
		};
		EEEDF4F127C1F34600C4E726 /* Debug */ = {
			isa = XCBuildConfiguration;
			baseConfigurationReference = 10C6F2386B0B4CE310D61B38 /* Pods-RC_4th_tribeOfDelevery.debug.xcconfig */;
			buildSettings = {
				ASSETCATALOG_COMPILER_APPICON_NAME = AppIcon;
				ASSETCATALOG_COMPILER_GLOBAL_ACCENT_COLOR_NAME = AccentColor;
				CODE_SIGN_STYLE = Automatic;
				CURRENT_PROJECT_VERSION = 1;
				DEVELOPMENT_TEAM = Q57K6D2JP2;
				GENERATE_INFOPLIST_FILE = YES;
				INFOPLIST_FILE = RC_4th_tribeOfDelevery/Info.plist;
				INFOPLIST_KEY_UIApplicationSupportsIndirectInputEvents = YES;
				INFOPLIST_KEY_UILaunchStoryboardName = LaunchScreen;
				INFOPLIST_KEY_UIMainStoryboardFile = Main;
				INFOPLIST_KEY_UISupportedInterfaceOrientations_iPad = "UIInterfaceOrientationPortrait UIInterfaceOrientationPortraitUpsideDown UIInterfaceOrientationLandscapeLeft UIInterfaceOrientationLandscapeRight";
				INFOPLIST_KEY_UISupportedInterfaceOrientations_iPhone = "UIInterfaceOrientationPortrait UIInterfaceOrientationLandscapeLeft UIInterfaceOrientationLandscapeRight";
				LD_RUNPATH_SEARCH_PATHS = (
					"$(inherited)",
					"@executable_path/Frameworks",
				);
				MARKETING_VERSION = 1.0;
				PRODUCT_BUNDLE_IDENTIFIER = "com.example.practice.RC-4th-tribeOfDelevery";
				PRODUCT_NAME = "$(TARGET_NAME)";
				SWIFT_EMIT_LOC_STRINGS = YES;
				SWIFT_VERSION = 5.0;
				TARGETED_DEVICE_FAMILY = "1,2";
			};
			name = Debug;
		};
		EEEDF4F227C1F34600C4E726 /* Release */ = {
			isa = XCBuildConfiguration;
			baseConfigurationReference = E59D12B43DCC8BDD494BC041 /* Pods-RC_4th_tribeOfDelevery.release.xcconfig */;
			buildSettings = {
				ASSETCATALOG_COMPILER_APPICON_NAME = AppIcon;
				ASSETCATALOG_COMPILER_GLOBAL_ACCENT_COLOR_NAME = AccentColor;
				CODE_SIGN_STYLE = Automatic;
				CURRENT_PROJECT_VERSION = 1;
				DEVELOPMENT_TEAM = Q57K6D2JP2;
				GENERATE_INFOPLIST_FILE = YES;
				INFOPLIST_FILE = RC_4th_tribeOfDelevery/Info.plist;
				INFOPLIST_KEY_UIApplicationSupportsIndirectInputEvents = YES;
				INFOPLIST_KEY_UILaunchStoryboardName = LaunchScreen;
				INFOPLIST_KEY_UIMainStoryboardFile = Main;
				INFOPLIST_KEY_UISupportedInterfaceOrientations_iPad = "UIInterfaceOrientationPortrait UIInterfaceOrientationPortraitUpsideDown UIInterfaceOrientationLandscapeLeft UIInterfaceOrientationLandscapeRight";
				INFOPLIST_KEY_UISupportedInterfaceOrientations_iPhone = "UIInterfaceOrientationPortrait UIInterfaceOrientationLandscapeLeft UIInterfaceOrientationLandscapeRight";
				LD_RUNPATH_SEARCH_PATHS = (
					"$(inherited)",
					"@executable_path/Frameworks",
				);
				MARKETING_VERSION = 1.0;
				PRODUCT_BUNDLE_IDENTIFIER = "com.example.practice.RC-4th-tribeOfDelevery";
				PRODUCT_NAME = "$(TARGET_NAME)";
				SWIFT_EMIT_LOC_STRINGS = YES;
				SWIFT_VERSION = 5.0;
				TARGETED_DEVICE_FAMILY = "1,2";
			};
			name = Release;
		};
/* End XCBuildConfiguration section */

/* Begin XCConfigurationList section */
		EEEDF4D727C1F34400C4E726 /* Build configuration list for PBXProject "RC_4th_tribeOfDelevery" */ = {
			isa = XCConfigurationList;
			buildConfigurations = (
				EEEDF4EE27C1F34600C4E726 /* Debug */,
				EEEDF4EF27C1F34600C4E726 /* Release */,
			);
			defaultConfigurationIsVisible = 0;
			defaultConfigurationName = Release;
		};
		EEEDF4F027C1F34600C4E726 /* Build configuration list for PBXNativeTarget "RC_4th_tribeOfDelevery" */ = {
			isa = XCConfigurationList;
			buildConfigurations = (
				EEEDF4F127C1F34600C4E726 /* Debug */,
				EEEDF4F227C1F34600C4E726 /* Release */,
			);
			defaultConfigurationIsVisible = 0;
			defaultConfigurationName = Release;
		};
/* End XCConfigurationList section */
	};
	rootObject = EEEDF4D427C1F34400C4E726 /* Project object */;
}
