// !$*UTF8*$!
{
	archiveVersion = 1;
	classes = {
	};
	objectVersion = 55;
	objects = {

/* Begin PBXBuildFile section */
		EE91C88D283E0A1A002635C8 /* AppDelegate.swift in Sources */ = {isa = PBXBuildFile; fileRef = EE91C88C283E0A1A002635C8 /* AppDelegate.swift */; };
		EE91C88F283E0A1A002635C8 /* SceneDelegate.swift in Sources */ = {isa = PBXBuildFile; fileRef = EE91C88E283E0A1A002635C8 /* SceneDelegate.swift */; };
		EE91C891283E0A1A002635C8 /* ViewController.swift in Sources */ = {isa = PBXBuildFile; fileRef = EE91C890283E0A1A002635C8 /* ViewController.swift */; };
		EE91C896283E0A1A002635C8 /* Assets.xcassets in Resources */ = {isa = PBXBuildFile; fileRef = EE91C895283E0A1A002635C8 /* Assets.xcassets */; };
		EE91C899283E0A1A002635C8 /* LaunchScreen.storyboard in Resources */ = {isa = PBXBuildFile; fileRef = EE91C897283E0A1A002635C8 /* LaunchScreen.storyboard */; };
		EE91C8A2283E0C1B002635C8 /* ReactorKit in Frameworks */ = {isa = PBXBuildFile; productRef = EE91C8A1283E0C1B002635C8 /* ReactorKit */; };
		EE91C8A4283E0CC9002635C8 /* MainReactor.swift in Sources */ = {isa = PBXBuildFile; fileRef = EE91C8A3283E0CC9002635C8 /* MainReactor.swift */; };
		EE91C8A6283E0D6B002635C8 /* Network.swift in Sources */ = {isa = PBXBuildFile; fileRef = EE91C8A5283E0D6B002635C8 /* Network.swift */; };
		EE91C8A9283E0D90002635C8 /* RxCocoa in Frameworks */ = {isa = PBXBuildFile; productRef = EE91C8A8283E0D90002635C8 /* RxCocoa */; };
		EE91C8AB283E0D90002635C8 /* RxSwift in Frameworks */ = {isa = PBXBuildFile; productRef = EE91C8AA283E0D90002635C8 /* RxSwift */; };
/* End PBXBuildFile section */

/* Begin PBXFileReference section */
		EE91C889283E0A1A002635C8 /* exReactorKit.app */ = {isa = PBXFileReference; explicitFileType = wrapper.application; includeInIndex = 0; path = exReactorKit.app; sourceTree = BUILT_PRODUCTS_DIR; };
		EE91C88C283E0A1A002635C8 /* AppDelegate.swift */ = {isa = PBXFileReference; lastKnownFileType = sourcecode.swift; path = AppDelegate.swift; sourceTree = "<group>"; };
		EE91C88E283E0A1A002635C8 /* SceneDelegate.swift */ = {isa = PBXFileReference; lastKnownFileType = sourcecode.swift; path = SceneDelegate.swift; sourceTree = "<group>"; };
		EE91C890283E0A1A002635C8 /* ViewController.swift */ = {isa = PBXFileReference; lastKnownFileType = sourcecode.swift; path = ViewController.swift; sourceTree = "<group>"; };
		EE91C895283E0A1A002635C8 /* Assets.xcassets */ = {isa = PBXFileReference; lastKnownFileType = folder.assetcatalog; path = Assets.xcassets; sourceTree = "<group>"; };
		EE91C898283E0A1A002635C8 /* Base */ = {isa = PBXFileReference; lastKnownFileType = file.storyboard; name = Base; path = Base.lproj/LaunchScreen.storyboard; sourceTree = "<group>"; };
		EE91C89A283E0A1A002635C8 /* Info.plist */ = {isa = PBXFileReference; lastKnownFileType = text.plist.xml; path = Info.plist; sourceTree = "<group>"; };
		EE91C8A3283E0CC9002635C8 /* MainReactor.swift */ = {isa = PBXFileReference; lastKnownFileType = sourcecode.swift; path = MainReactor.swift; sourceTree = "<group>"; };
		EE91C8A5283E0D6B002635C8 /* Network.swift */ = {isa = PBXFileReference; lastKnownFileType = sourcecode.swift; path = Network.swift; sourceTree = "<group>"; };
/* End PBXFileReference section */

/* Begin PBXFrameworksBuildPhase section */
		EE91C886283E0A1A002635C8 /* Frameworks */ = {
			isa = PBXFrameworksBuildPhase;
			buildActionMask = 2147483647;
			files = (
				EE91C8AB283E0D90002635C8 /* RxSwift in Frameworks */,
				EE91C8A9283E0D90002635C8 /* RxCocoa in Frameworks */,
				EE91C8A2283E0C1B002635C8 /* ReactorKit in Frameworks */,
			);
			runOnlyForDeploymentPostprocessing = 0;
		};
/* End PBXFrameworksBuildPhase section */

/* Begin PBXGroup section */
		EE91C880283E0A1A002635C8 = {
			isa = PBXGroup;
			children = (
				EE91C88B283E0A1A002635C8 /* exReactorKit */,
				EE91C88A283E0A1A002635C8 /* Products */,
			);
			sourceTree = "<group>";
		};
		EE91C88A283E0A1A002635C8 /* Products */ = {
			isa = PBXGroup;
			children = (
				EE91C889283E0A1A002635C8 /* exReactorKit.app */,
			);
			name = Products;
			sourceTree = "<group>";
		};
		EE91C88B283E0A1A002635C8 /* exReactorKit */ = {
			isa = PBXGroup;
			children = (
				EE91C88C283E0A1A002635C8 /* AppDelegate.swift */,
				EE91C88E283E0A1A002635C8 /* SceneDelegate.swift */,
				EE91C890283E0A1A002635C8 /* ViewController.swift */,
				EE91C895283E0A1A002635C8 /* Assets.xcassets */,
				EE91C897283E0A1A002635C8 /* LaunchScreen.storyboard */,
				EE91C89A283E0A1A002635C8 /* Info.plist */,
				EE91C8A3283E0CC9002635C8 /* MainReactor.swift */,
				EE91C8A5283E0D6B002635C8 /* Network.swift */,
			);
			path = exReactorKit;
			sourceTree = "<group>";
		};
/* End PBXGroup section */

/* Begin PBXNativeTarget section */
		EE91C888283E0A1A002635C8 /* exReactorKit */ = {
			isa = PBXNativeTarget;
			buildConfigurationList = EE91C89D283E0A1A002635C8 /* Build configuration list for PBXNativeTarget "exReactorKit" */;
			buildPhases = (
				EE91C885283E0A1A002635C8 /* Sources */,
				EE91C886283E0A1A002635C8 /* Frameworks */,
				EE91C887283E0A1A002635C8 /* Resources */,
			);
			buildRules = (
			);
			dependencies = (
			);
			name = exReactorKit;
			packageProductDependencies = (
				EE91C8A1283E0C1B002635C8 /* ReactorKit */,
				EE91C8A8283E0D90002635C8 /* RxCocoa */,
				EE91C8AA283E0D90002635C8 /* RxSwift */,
			);
			productName = exReactorKit;
			productReference = EE91C889283E0A1A002635C8 /* exReactorKit.app */;
			productType = "com.apple.product-type.application";
		};
/* End PBXNativeTarget section */

/* Begin PBXProject section */
		EE91C881283E0A1A002635C8 /* Project object */ = {
			isa = PBXProject;
			attributes = {
				BuildIndependentTargetsInParallel = 1;
				LastSwiftUpdateCheck = 1340;
				LastUpgradeCheck = 1340;
				TargetAttributes = {
					EE91C888283E0A1A002635C8 = {
						CreatedOnToolsVersion = 13.4;
					};
				};
			};
			buildConfigurationList = EE91C884283E0A1A002635C8 /* Build configuration list for PBXProject "exReactorKit" */;
			compatibilityVersion = "Xcode 13.0";
			developmentRegion = en;
			hasScannedForEncodings = 0;
			knownRegions = (
				en,
				Base,
			);
			mainGroup = EE91C880283E0A1A002635C8;
			packageReferences = (
				EE91C8A0283E0C1B002635C8 /* XCRemoteSwiftPackageReference "ReactorKit" */,
				EE91C8A7283E0D90002635C8 /* XCRemoteSwiftPackageReference "RxSwift" */,
			);
			productRefGroup = EE91C88A283E0A1A002635C8 /* Products */;
			projectDirPath = "";
			projectRoot = "";
			targets = (
				EE91C888283E0A1A002635C8 /* exReactorKit */,
			);
		};
/* End PBXProject section */

/* Begin PBXResourcesBuildPhase section */
		EE91C887283E0A1A002635C8 /* Resources */ = {
			isa = PBXResourcesBuildPhase;
			buildActionMask = 2147483647;
			files = (
				EE91C899283E0A1A002635C8 /* LaunchScreen.storyboard in Resources */,
				EE91C896283E0A1A002635C8 /* Assets.xcassets in Resources */,
			);
			runOnlyForDeploymentPostprocessing = 0;
		};
/* End PBXResourcesBuildPhase section */

/* Begin PBXSourcesBuildPhase section */
		EE91C885283E0A1A002635C8 /* Sources */ = {
			isa = PBXSourcesBuildPhase;
			buildActionMask = 2147483647;
			files = (
				EE91C8A6283E0D6B002635C8 /* Network.swift in Sources */,
				EE91C891283E0A1A002635C8 /* ViewController.swift in Sources */,
				EE91C8A4283E0CC9002635C8 /* MainReactor.swift in Sources */,
				EE91C88D283E0A1A002635C8 /* AppDelegate.swift in Sources */,
				EE91C88F283E0A1A002635C8 /* SceneDelegate.swift in Sources */,
			);
			runOnlyForDeploymentPostprocessing = 0;
		};
/* End PBXSourcesBuildPhase section */

/* Begin PBXVariantGroup section */
		EE91C897283E0A1A002635C8 /* LaunchScreen.storyboard */ = {
			isa = PBXVariantGroup;
			children = (
				EE91C898283E0A1A002635C8 /* Base */,
			);
			name = LaunchScreen.storyboard;
			sourceTree = "<group>";
		};
/* End PBXVariantGroup section */

/* Begin XCBuildConfiguration section */
		EE91C89B283E0A1A002635C8 /* Debug */ = {
			isa = XCBuildConfiguration;
			buildSettings = {
				ALWAYS_SEARCH_USER_PATHS = NO;
				CLANG_ANALYZER_NONNULL = YES;
				CLANG_ANALYZER_NUMBER_OBJECT_CONVERSION = YES_AGGRESSIVE;
				CLANG_CXX_LANGUAGE_STANDARD = "gnu++17";
				CLANG_ENABLE_MODULES = YES;
				CLANG_ENABLE_OBJC_ARC = YES;
				CLANG_ENABLE_OBJC_WEAK = YES;
				CLANG_WARN_BLOCK_CAPTURE_AUTORELEASING = YES;
				CLANG_WARN_BOOL_CONVERSION = YES;
				CLANG_WARN_COMMA = YES;
				CLANG_WARN_CONSTANT_CONVERSION = YES;
				CLANG_WARN_DEPRECATED_OBJC_IMPLEMENTATIONS = YES;
				CLANG_WARN_DIRECT_OBJC_ISA_USAGE = YES_ERROR;
				CLANG_WARN_DOCUMENTATION_COMMENTS = YES;
				CLANG_WARN_EMPTY_BODY = YES;
				CLANG_WARN_ENUM_CONVERSION = YES;
				CLANG_WARN_INFINITE_RECURSION = YES;
				CLANG_WARN_INT_CONVERSION = YES;
				CLANG_WARN_NON_LITERAL_NULL_CONVERSION = YES;
				CLANG_WARN_OBJC_IMPLICIT_RETAIN_SELF = YES;
				CLANG_WARN_OBJC_LITERAL_CONVERSION = YES;
				CLANG_WARN_OBJC_ROOT_CLASS = YES_ERROR;
				CLANG_WARN_QUOTED_INCLUDE_IN_FRAMEWORK_HEADER = YES;
				CLANG_WARN_RANGE_LOOP_ANALYSIS = YES;
				CLANG_WARN_STRICT_PROTOTYPES = YES;
				CLANG_WARN_SUSPICIOUS_MOVE = YES;
				CLANG_WARN_UNGUARDED_AVAILABILITY = YES_AGGRESSIVE;
				CLANG_WARN_UNREACHABLE_CODE = YES;
				CLANG_WARN__DUPLICATE_METHOD_MATCH = YES;
				COPY_PHASE_STRIP = NO;
				DEBUG_INFORMATION_FORMAT = dwarf;
				ENABLE_STRICT_OBJC_MSGSEND = YES;
				ENABLE_TESTABILITY = YES;
				GCC_C_LANGUAGE_STANDARD = gnu11;
				GCC_DYNAMIC_NO_PIC = NO;
				GCC_NO_COMMON_BLOCKS = YES;
				GCC_OPTIMIZATION_LEVEL = 0;
				GCC_PREPROCESSOR_DEFINITIONS = (
					"DEBUG=1",
					"$(inherited)",
				);
				GCC_WARN_64_TO_32_BIT_CONVERSION = YES;
				GCC_WARN_ABOUT_RETURN_TYPE = YES_ERROR;
				GCC_WARN_UNDECLARED_SELECTOR = YES;
				GCC_WARN_UNINITIALIZED_AUTOS = YES_AGGRESSIVE;
				GCC_WARN_UNUSED_FUNCTION = YES;
				GCC_WARN_UNUSED_VARIABLE = YES;
				IPHONEOS_DEPLOYMENT_TARGET = 15.5;
				MTL_ENABLE_DEBUG_INFO = INCLUDE_SOURCE;
				MTL_FAST_MATH = YES;
				ONLY_ACTIVE_ARCH = YES;
				SDKROOT = iphoneos;
				SWIFT_ACTIVE_COMPILATION_CONDITIONS = DEBUG;
				SWIFT_OPTIMIZATION_LEVEL = "-Onone";
			};
			name = Debug;
		};
		EE91C89C283E0A1A002635C8 /* Release */ = {
			isa = XCBuildConfiguration;
			buildSettings = {
				ALWAYS_SEARCH_USER_PATHS = NO;
				CLANG_ANALYZER_NONNULL = YES;
				CLANG_ANALYZER_NUMBER_OBJECT_CONVERSION = YES_AGGRESSIVE;
				CLANG_CXX_LANGUAGE_STANDARD = "gnu++17";
				CLANG_ENABLE_MODULES = YES;
				CLANG_ENABLE_OBJC_ARC = YES;
				CLANG_ENABLE_OBJC_WEAK = YES;
				CLANG_WARN_BLOCK_CAPTURE_AUTORELEASING = YES;
				CLANG_WARN_BOOL_CONVERSION = YES;
				CLANG_WARN_COMMA = YES;
				CLANG_WARN_CONSTANT_CONVERSION = YES;
				CLANG_WARN_DEPRECATED_OBJC_IMPLEMENTATIONS = YES;
				CLANG_WARN_DIRECT_OBJC_ISA_USAGE = YES_ERROR;
				CLANG_WARN_DOCUMENTATION_COMMENTS = YES;
				CLANG_WARN_EMPTY_BODY = YES;
				CLANG_WARN_ENUM_CONVERSION = YES;
				CLANG_WARN_INFINITE_RECURSION = YES;
				CLANG_WARN_INT_CONVERSION = YES;
				CLANG_WARN_NON_LITERAL_NULL_CONVERSION = YES;
				CLANG_WARN_OBJC_IMPLICIT_RETAIN_SELF = YES;
				CLANG_WARN_OBJC_LITERAL_CONVERSION = YES;
				CLANG_WARN_OBJC_ROOT_CLASS = YES_ERROR;
				CLANG_WARN_QUOTED_INCLUDE_IN_FRAMEWORK_HEADER = YES;
				CLANG_WARN_RANGE_LOOP_ANALYSIS = YES;
				CLANG_WARN_STRICT_PROTOTYPES = YES;
				CLANG_WARN_SUSPICIOUS_MOVE = YES;
				CLANG_WARN_UNGUARDED_AVAILABILITY = YES_AGGRESSIVE;
				CLANG_WARN_UNREACHABLE_CODE = YES;
				CLANG_WARN__DUPLICATE_METHOD_MATCH = YES;
				COPY_PHASE_STRIP = NO;
				DEBUG_INFORMATION_FORMAT = "dwarf-with-dsym";
				ENABLE_NS_ASSERTIONS = NO;
				ENABLE_STRICT_OBJC_MSGSEND = YES;
				GCC_C_LANGUAGE_STANDARD = gnu11;
				GCC_NO_COMMON_BLOCKS = YES;
				GCC_WARN_64_TO_32_BIT_CONVERSION = YES;
				GCC_WARN_ABOUT_RETURN_TYPE = YES_ERROR;
				GCC_WARN_UNDECLARED_SELECTOR = YES;
				GCC_WARN_UNINITIALIZED_AUTOS = YES_AGGRESSIVE;
				GCC_WARN_UNUSED_FUNCTION = YES;
				GCC_WARN_UNUSED_VARIABLE = YES;
				IPHONEOS_DEPLOYMENT_TARGET = 15.5;
				MTL_ENABLE_DEBUG_INFO = NO;
				MTL_FAST_MATH = YES;
				SDKROOT = iphoneos;
				SWIFT_COMPILATION_MODE = wholemodule;
				SWIFT_OPTIMIZATION_LEVEL = "-O";
				VALIDATE_PRODUCT = YES;
			};
			name = Release;
		};
		EE91C89E283E0A1A002635C8 /* Debug */ = {
			isa = XCBuildConfiguration;
			buildSettings = {
				ASSETCATALOG_COMPILER_APPICON_NAME = AppIcon;
				ASSETCATALOG_COMPILER_GLOBAL_ACCENT_COLOR_NAME = AccentColor;
				CODE_SIGN_STYLE = Automatic;
				CURRENT_PROJECT_VERSION = 1;
				DEVELOPMENT_TEAM = Q57K6D2JP2;
				GENERATE_INFOPLIST_FILE = YES;
				INFOPLIST_FILE = exReactorKit/Info.plist;
				INFOPLIST_KEY_UIApplicationSupportsIndirectInputEvents = YES;
				INFOPLIST_KEY_UILaunchStoryboardName = LaunchScreen;
				INFOPLIST_KEY_UISupportedInterfaceOrientations_iPad = "UIInterfaceOrientationPortrait UIInterfaceOrientationPortraitUpsideDown UIInterfaceOrientationLandscapeLeft UIInterfaceOrientationLandscapeRight";
				INFOPLIST_KEY_UISupportedInterfaceOrientations_iPhone = "UIInterfaceOrientationPortrait UIInterfaceOrientationLandscapeLeft UIInterfaceOrientationLandscapeRight";
				LD_RUNPATH_SEARCH_PATHS = (
					"$(inherited)",
					"@executable_path/Frameworks",
				);
				MARKETING_VERSION = 1.0;
				PRODUCT_BUNDLE_IDENTIFIER = com.dnd.sixth.lmsservice.exReactorKit;
				PRODUCT_NAME = "$(TARGET_NAME)";
				SWIFT_EMIT_LOC_STRINGS = YES;
				SWIFT_VERSION = 5.0;
				TARGETED_DEVICE_FAMILY = "1,2";
			};
			name = Debug;
		};
		EE91C89F283E0A1A002635C8 /* Release */ = {
			isa = XCBuildConfiguration;
			buildSettings = {
				ASSETCATALOG_COMPILER_APPICON_NAME = AppIcon;
				ASSETCATALOG_COMPILER_GLOBAL_ACCENT_COLOR_NAME = AccentColor;
				CODE_SIGN_STYLE = Automatic;
				CURRENT_PROJECT_VERSION = 1;
				DEVELOPMENT_TEAM = Q57K6D2JP2;
				GENERATE_INFOPLIST_FILE = YES;
				INFOPLIST_FILE = exReactorKit/Info.plist;
				INFOPLIST_KEY_UIApplicationSupportsIndirectInputEvents = YES;
				INFOPLIST_KEY_UILaunchStoryboardName = LaunchScreen;
				INFOPLIST_KEY_UISupportedInterfaceOrientations_iPad = "UIInterfaceOrientationPortrait UIInterfaceOrientationPortraitUpsideDown UIInterfaceOrientationLandscapeLeft UIInterfaceOrientationLandscapeRight";
				INFOPLIST_KEY_UISupportedInterfaceOrientations_iPhone = "UIInterfaceOrientationPortrait UIInterfaceOrientationLandscapeLeft UIInterfaceOrientationLandscapeRight";
				LD_RUNPATH_SEARCH_PATHS = (
					"$(inherited)",
					"@executable_path/Frameworks",
				);
				MARKETING_VERSION = 1.0;
				PRODUCT_BUNDLE_IDENTIFIER = com.dnd.sixth.lmsservice.exReactorKit;
				PRODUCT_NAME = "$(TARGET_NAME)";
				SWIFT_EMIT_LOC_STRINGS = YES;
				SWIFT_VERSION = 5.0;
				TARGETED_DEVICE_FAMILY = "1,2";
			};
			name = Release;
		};
/* End XCBuildConfiguration section */

/* Begin XCConfigurationList section */
		EE91C884283E0A1A002635C8 /* Build configuration list for PBXProject "exReactorKit" */ = {
			isa = XCConfigurationList;
			buildConfigurations = (
				EE91C89B283E0A1A002635C8 /* Debug */,
				EE91C89C283E0A1A002635C8 /* Release */,
			);
			defaultConfigurationIsVisible = 0;
			defaultConfigurationName = Release;
		};
		EE91C89D283E0A1A002635C8 /* Build configuration list for PBXNativeTarget "exReactorKit" */ = {
			isa = XCConfigurationList;
			buildConfigurations = (
				EE91C89E283E0A1A002635C8 /* Debug */,
				EE91C89F283E0A1A002635C8 /* Release */,
			);
			defaultConfigurationIsVisible = 0;
			defaultConfigurationName = Release;
		};
/* End XCConfigurationList section */

/* Begin XCRemoteSwiftPackageReference section */
		EE91C8A0283E0C1B002635C8 /* XCRemoteSwiftPackageReference "ReactorKit" */ = {
			isa = XCRemoteSwiftPackageReference;
			repositoryURL = "https://github.com/ReactorKit/ReactorKit.git";
			requirement = {
				kind = upToNextMajorVersion;
				minimumVersion = 3.0.0;
			};
		};
		EE91C8A7283E0D90002635C8 /* XCRemoteSwiftPackageReference "RxSwift" */ = {
			isa = XCRemoteSwiftPackageReference;
			repositoryURL = "https://github.com/ReactiveX/RxSwift.git";
			requirement = {
				branch = main;
				kind = branch;
			};
		};
/* End XCRemoteSwiftPackageReference section */

/* Begin XCSwiftPackageProductDependency section */
		EE91C8A1283E0C1B002635C8 /* ReactorKit */ = {
			isa = XCSwiftPackageProductDependency;
			package = EE91C8A0283E0C1B002635C8 /* XCRemoteSwiftPackageReference "ReactorKit" */;
			productName = ReactorKit;
		};
		EE91C8A8283E0D90002635C8 /* RxCocoa */ = {
			isa = XCSwiftPackageProductDependency;
			package = EE91C8A7283E0D90002635C8 /* XCRemoteSwiftPackageReference "RxSwift" */;
			productName = RxCocoa;
		};
		EE91C8AA283E0D90002635C8 /* RxSwift */ = {
			isa = XCSwiftPackageProductDependency;
			package = EE91C8A7283E0D90002635C8 /* XCRemoteSwiftPackageReference "RxSwift" */;
			productName = RxSwift;
		};
/* End XCSwiftPackageProductDependency section */
	};
	rootObject = EE91C881283E0A1A002635C8 /* Project object */;
}
